
Microsoft Visual Studio Solution File, Format Version 12.00
# Visual Studio Version 17
VisualStudioVersion = 17.3.32825.248
MinimumVisualStudioVersion = 10.0.40219.1
Project("{8BC9CEB8-8B4A-11D0-8D11-00A0C91BC942}") = "OfflineLab3", "OfflineLab3\OfflineLab3.vcxproj", "{2BBBDC6C-5A3D-4E3A-9425-B0CB8083FB01}"
EndProject
Global
	GlobalSection(SolutionConfigurationPlatforms) = preSolution
		Debug|x64 = Debug|x64
		Debug|x86 = Debug|x86
		Release|x64 = Release|x64
		Release|x86 = Release|x86
	EndGlobalSection
	GlobalSection(ProjectConfigurationPlatforms) = postSolution
		{2BBBDC6C-5A3D-4E3A-9425-B0CB8083FB01}.Debug|x64.ActiveCfg = Debug|x64
		{2BBBDC6C-5A3D-4E3A-9425-B0CB8083FB01}.Debug|x64.Build.0 = Debug|x64
		{2BBBDC6C-5A3D-4E3A-9425-B0CB8083FB01}.Debug|x86.ActiveCfg = Debug|Win32
		{2BBBDC6C-5A3D-4E3A-9425-B0CB8083FB01}.Debug|x86.Build.0 = Debug|Win32
		{2BBBDC6C-5A3D-4E3A-9425-B0CB8083FB01}.Release|x64.ActiveCfg = Release|x64
		{2BBBDC6C-5A3D-4E3A-9425-B0CB8083FB01}.Release|x64.Build.0 = Release|x64
		{2BBBDC6C-5A3D-4E3A-9425-B0CB8083FB01}.Release|x86.ActiveCfg = Release|Win32
		{2BBBDC6C-5A3D-4E3A-9425-B0CB8083FB01}.Release|x86.Build.0 = Release|Win32
	EndGlobalSection
	GlobalSection(SolutionProperties) = preSolution
		HideSolutionNode = FALSE
	EndGlobalSection
	GlobalSection(ExtensibilityGlobals) = postSolution
		SolutionGuid = {4C047DAB-5C73-400B-890C-D6863D3E0811}
	EndGlobalSection
EndGlobal
